{
  "projects": [
    {
      "projectId": "58GpZjZCWTaJ8AUhpCwt2K",
      "version": "3.0.0",
      "dependencies": {},
      "lang": "ts",
      "fileLocks": [
        {
          "assetId": "58GpZjZCWTaJ8AUhpCwt2K",
          "type": "projectCss",
          "checksum": "b27497b6e230101d0406d7c74a2c950a"
        }
      ],
      "codegenVersion": "0.0.1"
    },
    {
      "projectId": "szjgMQpPpxhmkjnaBvZQJG",
      "version": "2.0.0",
      "dependencies": {},
      "lang": "ts",
      "fileLocks": [
        {
          "assetId": "szjgMQpPpxhmkjnaBvZQJG",
          "type": "projectCss",
          "checksum": "a969bb7a889647afdab89980fdf4544a"
        }
      ],
      "codegenVersion": "0.0.1"
    },
    {
      "projectId": "5dGW8Awro3qq8Hh5MveXLP",
      "version": "1.0.0",
      "dependencies": {},
      "lang": "ts",
      "fileLocks": [
        {
          "assetId": "5dGW8Awro3qq8Hh5MveXLP",
          "type": "projectCss",
          "checksum": "cc56ca84239fe92d6cbd25ad282d44be"
        }
      ],
      "codegenVersion": "0.0.1"
    },
    {
      "projectId": "r3ASNrnyvLLLAtDvzUioQ",
      "version": "3.0.3",
      "dependencies": {},
      "lang": "ts",
      "fileLocks": [
        {
          "assetId": "r3ASNrnyvLLLAtDvzUioQ",
          "type": "projectCss",
          "checksum": "0410684d90fa0ab1fd12f01df40fd068"
        }
      ],
      "codegenVersion": "0.0.1"
    },
    {
      "projectId": "7jQgmBmKYyCbHXSekk2FRy",
      "version": "latest",
      "dependencies": {
        "r3ASNrnyvLLLAtDvzUioQ": "3.0.3",
        "5dGW8Awro3qq8Hh5MveXLP": "1.0.0",
        "szjgMQpPpxhmkjnaBvZQJG": "2.0.0",
        "58GpZjZCWTaJ8AUhpCwt2K": "3.0.0",
        "7nJ7UcFmq9UzB6eXfC5z4a": "0.0.3",
        "84wxoth5npGrp6RRXPL88z": "4.0.2",
        "28Ba3BDvRe7EiWdfFNnLB6": "2.3.0"
      },
      "lang": "ts",
      "fileLocks": [
        {
          "type": "globalVariant",
          "assetId": "kJp4efKscK4Tw",
          "checksum": "a63bfcb7506b28a323cd9bca9bfc30a4"
        },
        {
          "type": "renderModule",
          "assetId": "TiTpIxcJC6eJ",
          "checksum": "635fb7a56a80c3bd30ab361bd2fddeae"
        },
        {
          "type": "cssRules",
          "assetId": "TiTpIxcJC6eJ",
          "checksum": "635fb7a56a80c3bd30ab361bd2fddeae"
        },
        {
          "type": "renderModule",
          "assetId": "RTMI8sp8urx",
          "checksum": "3c59632a65843208b377cbfe93301db9"
        },
        {
          "type": "cssRules",
          "assetId": "RTMI8sp8urx",
          "checksum": "3c59632a65843208b377cbfe93301db9"
        },
        {
          "type": "renderModule",
          "assetId": "w7EiyFeNrat",
          "checksum": "8ed2ba4e73aaf331f98188eaa53699f5"
        },
        {
          "type": "cssRules",
          "assetId": "w7EiyFeNrat",
          "checksum": "8ed2ba4e73aaf331f98188eaa53699f5"
        },
        {
          "type": "renderModule",
          "assetId": "1stVQhR2tB",
          "checksum": "f9b1b6b79666ebea9fe99efa89f37e5b"
        },
        {
          "type": "cssRules",
          "assetId": "1stVQhR2tB",
          "checksum": "f9b1b6b79666ebea9fe99efa89f37e5b"
        },
        {
          "type": "renderModule",
          "assetId": "9bi_dSFUsP",
          "checksum": "6c466fa55012b3ac76ed042fe5a42600"
        },
        {
          "type": "cssRules",
          "assetId": "9bi_dSFUsP",
          "checksum": "6c466fa55012b3ac76ed042fe5a42600"
        },
        {
          "type": "renderModule",
          "assetId": "45L0kj6gGa",
          "checksum": "c9603a173e85911473dbdbd324cfade7"
        },
        {
          "type": "cssRules",
          "assetId": "45L0kj6gGa",
          "checksum": "c9603a173e85911473dbdbd324cfade7"
        },
        {
          "type": "renderModule",
          "assetId": "ZF4Tnw-zFby",
          "checksum": "0122c45d3154cd68abbb8153a3f640db"
        },
        {
          "type": "cssRules",
          "assetId": "ZF4Tnw-zFby",
          "checksum": "0122c45d3154cd68abbb8153a3f640db"
        },
        {
          "type": "icon",
          "assetId": "PBw4XRBD-6Y",
          "checksum": "b5ee14d04905484a483a89f7b5d68dbf"
        },
        {
          "type": "icon",
          "assetId": "KRKVYPvTEXA",
          "checksum": "d34d0b2c519686ae423e6bb1cf416d32"
        },
        {
          "type": "icon",
          "assetId": "cnjp3EHweVg",
          "checksum": "4bf33d7bdbdb6d5b57435a5aac4d3911"
        },
        {
          "type": "icon",
          "assetId": "mmCKyJf2-g2",
          "checksum": "3adefa935fd5feaa33b6d60dd9604548"
        },
        {
          "type": "icon",
          "assetId": "pB0CSzngXCB",
          "checksum": "75ad6cc2df97cb005e65ed0bda319655"
        },
        {
          "type": "icon",
          "assetId": "GAoyXTwHBHG",
          "checksum": "4c6b42f63c26a5da2dd65a112058beeb"
        },
        {
          "type": "icon",
          "assetId": "aJ7612EJRLN",
          "checksum": "0e8212f8928a3bf42b5dd9fe92bb74a9"
        },
        {
          "type": "icon",
          "assetId": "bimOPwSWWyo",
          "checksum": "1fa36e72928e2b8aaac156001df7765c"
        },
        {
          "type": "icon",
          "assetId": "jxcxtzGjitd",
          "checksum": "cfd00ceb7a28b0fccd5bcf392e3a539a"
        },
        {
          "type": "icon",
          "assetId": "61HpChsnqny",
          "checksum": "f3c9a7807d49f449787a1f60ccfb0ee2"
        },
        {
          "type": "icon",
          "assetId": "f3KpTWhKQN",
          "checksum": "91725a0939ec9afa89d6b2d3af4df580"
        },
        {
          "type": "icon",
          "assetId": "qH29eMYbTl2",
          "checksum": "50aebc4008ee4c1d3ee8ad4c4dd80fab"
        },
        {
          "type": "icon",
          "assetId": "OedXNTZ2ZnR",
          "checksum": "67f65e4e85255004de4ad7d6b0ffe83a"
        },
        {
          "type": "icon",
          "assetId": "7JBwO0xRaWA",
          "checksum": "fb000636f3c761f5c33bd9a3ba23fd86"
        },
        {
          "type": "icon",
          "assetId": "PseLed5Al6D",
          "checksum": "e769adc4b95e73f9342488cb7e1e20d2"
        },
        {
          "type": "icon",
          "assetId": "gFkvKUhlV5",
          "checksum": "993b4b235012717a25abffa624d252e7"
        },
        {
          "type": "icon",
          "assetId": "WXXDd3z6y7",
          "checksum": "704e7f4c7bac5f7dd28132861839ddb7"
        },
        {
          "type": "icon",
          "assetId": "PM3gsFvdW5",
          "checksum": "8c6c0750f7d3fbede148d52c9398771f"
        },
        {
          "type": "icon",
          "assetId": "KtTOoBlYx-g",
          "checksum": "ec202ae630d7cb24d1dd2323ba3970bc"
        },
        {
          "type": "icon",
          "assetId": "HOgrhrPLDUV",
          "checksum": "ba1ba0e801d78151908d06f0d9c2bc87"
        },
        {
          "type": "icon",
          "assetId": "ttjTf4lW5t8",
          "checksum": "f5fc25463dda7d8109b76b505f0ce228"
        },
        {
          "type": "icon",
          "assetId": "m4ZNl1ar9h",
          "checksum": "d7c7809319d01ee276cb3ddbebb5f68b"
        },
        {
          "type": "icon",
          "assetId": "nh6ZMjyETY",
          "checksum": "da9bdf0076000cc659ec8749eb744e33"
        },
        {
          "type": "icon",
          "assetId": "J8txRBXbTp",
          "checksum": "342b5698dff4ae6ff63117d1d470dfaf"
        },
        {
          "type": "image",
          "assetId": "bYJugn4tKB",
          "checksum": "f82fb45773670f7493c7bd0c022c0e96"
        },
        {
          "type": "image",
          "assetId": "uWSMxK84id",
          "checksum": "7dd61b367edb3ad0ab4cbe2a691da2e3"
        },
        {
          "type": "image",
          "assetId": "Kf1D01sYmU",
          "checksum": "78ef8bc5d6863ff8e60c0ee7a8998c0c"
        },
        {
          "type": "image",
          "assetId": "O3l8qpQc_P",
          "checksum": "95f9b593b8a242c3d73b4b2ceb88e1b4"
        },
        {
          "type": "image",
          "assetId": "oi0nYvYXNV",
          "checksum": "1ef7421d4e3a046a682030027987305e"
        },
        {
          "type": "image",
          "assetId": "OnLqd0XXzu",
          "checksum": "b98eaf31f0d4eee8fa7a80b4bd5e462b"
        },
        {
          "type": "image",
          "assetId": "ykagpeuSU5",
          "checksum": "bb6c0755f6ca9e64243c711ce84c0dab"
        },
        {
          "type": "image",
          "assetId": "F7cAqBm0Mz",
          "checksum": "d703f364a49b69a8efd60fe7c782bbb0"
        },
        {
          "type": "image",
          "assetId": "ZkwxVQ3djaJ",
          "checksum": "c4b4b9d70dbfd05a09b1dad06adf23db"
        },
        {
          "type": "image",
          "assetId": "N9V8V57c3QI",
          "checksum": "fbecaeee58589f65cc7dd934488fcb07"
        },
        {
          "type": "image",
          "assetId": "pe-GjjoebUT",
          "checksum": "5f88ab1f5365ebc446ea6a3eb23095f3"
        },
        {
          "type": "image",
          "assetId": "MXMSkuLxSFF",
          "checksum": "713c35f57df9e80d38bc6beee0a14305"
        },
        {
          "type": "image",
          "assetId": "mRGi0gum0DS",
          "checksum": "a78f1f895b5235aa625c5419c503ded7"
        },
        {
          "type": "image",
          "assetId": "F60nenTGFIM",
          "checksum": "ba45534d76c1b1a01a624acc25680374"
        },
        {
          "type": "image",
          "assetId": "z4-lG7WdXsX",
          "checksum": "9132e1074228e5f07f9c8c4216aa56c7"
        },
        {
          "type": "image",
          "assetId": "DYuyC-5BZhz",
          "checksum": "daff724b522b5e4526efc91633118cc3"
        },
        {
          "type": "image",
          "assetId": "icje1FcTBxu",
          "checksum": "2d39e1bc9814e159cc11d8d659d27120"
        },
        {
          "type": "image",
          "assetId": "y497UZCGeIt",
          "checksum": "2597c5e31a6b5f5748ad4fee2620062a"
        },
        {
          "type": "image",
          "assetId": "8_Lq5viwvbc",
          "checksum": "4d2a9ba690c9e9aea787316f2bc45148"
        },
        {
          "type": "image",
          "assetId": "707dbNO4O",
          "checksum": "f8771fbad5bf2df30696cbbe75507a01"
        },
        {
          "type": "image",
          "assetId": "axvTgjaMA",
          "checksum": "3de273b67527d30e502f1611a67d4f31"
        },
        {
          "type": "image",
          "assetId": "HZbkXmLXV",
          "checksum": "da1e89042e26c32f28aba1a2ea6269ad"
        },
        {
          "type": "image",
          "assetId": "uUVKuexpE",
          "checksum": "901fbf05f1cb3c9adf0ae14d7a38d55a"
        },
        {
          "type": "image",
          "assetId": "vOJJmLprA",
          "checksum": "ae48e278004a002a6b3307964cd7603d"
        },
        {
          "type": "image",
          "assetId": "2pd0Hg6QQu",
          "checksum": "57fbfa96d7794a3abc83adc257844914"
        },
        {
          "type": "image",
          "assetId": "EKNThsy8LV",
          "checksum": "20fd7bd8801d74ced832d63d6756362f"
        },
        {
          "type": "image",
          "assetId": "jd1DjdNdQp",
          "checksum": "d28d1f65d74566ca266b30fa4416eef6"
        },
        {
          "type": "image",
          "assetId": "uva-D5fMXN",
          "checksum": "4093fcac81d50297a23d2a19a1003914"
        },
        {
          "type": "image",
          "assetId": "iaRtOS5vSb",
          "checksum": "5c52426e0c4d942c6c71293aee816f5b"
        },
        {
          "type": "image",
          "assetId": "p2kU9t-5K8",
          "checksum": "00f51c1e47b3ac8658c1ce3cfeb8940d"
        },
        {
          "type": "image",
          "assetId": "DAT0m94Z7Q",
          "checksum": "2433becac06b8c930b7da550bc7e8232"
        },
        {
          "type": "image",
          "assetId": "5_Lo_rQk4",
          "checksum": "b549112d19594000dc4810732207a423"
        },
        {
          "type": "image",
          "assetId": "_9ZLTOPz1",
          "checksum": "cbacb8656eb7e6abaefb8594afa25afa"
        },
        {
          "type": "image",
          "assetId": "yzICF1zGS",
          "checksum": "e3343a96d3103612b1de9b13a38e9ab1"
        },
        {
          "type": "image",
          "assetId": "hiI_-Cyod",
          "checksum": "48f9bcb124a4fc7143a72031b0a67080"
        },
        {
          "type": "image",
          "assetId": "2714vqN8m",
          "checksum": "08612b6a68e62d86c62a7b6b1cd954cf"
        },
        {
          "type": "image",
          "assetId": "kChil5dsN",
          "checksum": "9b530c66674809dd6ffb48cb8fd67636"
        },
        {
          "type": "image",
          "assetId": "2VM5yP9kQJ",
          "checksum": "9ccbb4e8ce6f117a132983ac801c6902"
        },
        {
          "type": "image",
          "assetId": "AuEavXGdZI",
          "checksum": "f789e5885a320524af9ac85c528215b0"
        },
        {
          "type": "image",
          "assetId": "_iwbYsRSW8",
          "checksum": "c2816c4f06a49ef513b27fd624881e53"
        },
        {
          "type": "image",
          "assetId": "8bslgVxGe8",
          "checksum": "0aebe023bf86efb99742b1fc1d79077e"
        },
        {
          "type": "image",
          "assetId": "YEJ6KY1zT3",
          "checksum": "6122d3ec41ae1ae5b56cae311501720f"
        },
        {
          "type": "image",
          "assetId": "3Lm5KcMzbe",
          "checksum": "6ccfa05d7c22a94d941aa08b1c61b778"
        },
        {
          "type": "image",
          "assetId": "Bc1COEtV0e",
          "checksum": "5982468bad2a2eed0f711aacc3c817ee"
        },
        {
          "type": "image",
          "assetId": "p8aQ0m6Htz",
          "checksum": "d2c4d9ca7a2d04bcedeeb30e2db43556"
        },
        {
          "type": "image",
          "assetId": "FCNCBp58bI",
          "checksum": "e89c71d64867e774e41de6b22a678365"
        },
        {
          "type": "image",
          "assetId": "0sFuzwGT8",
          "checksum": "cba83ece7e2e25f40096bb1741e3fca0"
        },
        {
          "type": "image",
          "assetId": "ZG2A0HtIl",
          "checksum": "0e856c751b285fd91132919192babda0"
        },
        {
          "assetId": "7jQgmBmKYyCbHXSekk2FRy",
          "checksum": "1089a1480dcfd4b9823cfea2f0239769",
          "type": "globalContexts"
        },
        {
          "type": "renderModule",
          "assetId": "VsZwhoWu74",
          "checksum": "4e8fbaa2c8c8c08a7f435e8818792bd4"
        },
        {
          "type": "cssRules",
          "assetId": "VsZwhoWu74",
          "checksum": "4e8fbaa2c8c8c08a7f435e8818792bd4"
        },
        {
          "type": "renderModule",
          "assetId": "XB1ngE7srsy",
          "checksum": "db42c1bf301b3ac346574b8c6c48f06d"
        },
        {
          "type": "cssRules",
          "assetId": "XB1ngE7srsy",
          "checksum": "db42c1bf301b3ac346574b8c6c48f06d"
        },
        {
          "type": "renderModule",
          "assetId": "h-AxygL4tTv",
          "checksum": "d352130dea3c8420ca1ae1ce72cf208f"
        },
        {
          "type": "cssRules",
          "assetId": "h-AxygL4tTv",
          "checksum": "d352130dea3c8420ca1ae1ce72cf208f"
        },
        {
          "type": "renderModule",
          "assetId": "7TW1ehljUvX",
          "checksum": "d27769ce9d325b52b6e4997e5d79068f"
        },
        {
          "type": "cssRules",
          "assetId": "7TW1ehljUvX",
          "checksum": "d27769ce9d325b52b6e4997e5d79068f"
        },
        {
          "type": "renderModule",
          "assetId": "SXwnaQrgWsP",
          "checksum": "2f730f6e84b893776a8ab827560bcb7b"
        },
        {
          "type": "cssRules",
          "assetId": "SXwnaQrgWsP",
          "checksum": "2f730f6e84b893776a8ab827560bcb7b"
        },
        {
          "type": "icon",
          "assetId": "87is_TTnv",
          "checksum": "938d7f8198e3c23f43a1815d965cd5bf"
        },
        {
          "type": "icon",
          "assetId": "MnPSDNx1dHt",
          "checksum": "24e8f0f09c156aa5cb567559a0b43f3a"
        },
        {
          "type": "icon",
          "assetId": "qO_UVpfk2WP",
          "checksum": "a9fb9a3fddd1c80573d32bbe0d58952c"
        },
        {
          "type": "icon",
          "assetId": "AVvOQiMFXTC",
          "checksum": "9c8f185b68a1ab79381cf68470b38355"
        },
        {
          "type": "icon",
          "assetId": "wZhx9AxeG5j",
          "checksum": "e45b43788ef8159444612e55ef714fe3"
        },
        {
          "type": "icon",
          "assetId": "aN9WBgskob8",
          "checksum": "129f31ded67fdd6f1aa99b5fec61ed4c"
        },
        {
          "type": "icon",
          "assetId": "_Ajvuzx9zOb",
          "checksum": "e7df924b6b654234b2955404cb123ce4"
        },
        {
          "type": "icon",
          "assetId": "fTEoi4xtkr",
          "checksum": "934cb5fbb6b3167bde2bf0de4de379bd"
        },
        {
          "type": "icon",
          "assetId": "CPrZBowKmb",
          "checksum": "310430ddc0255011ac9be805cc23f958"
        },
        {
          "type": "icon",
          "assetId": "xPXMlJZnbQ",
          "checksum": "1ee3e2cb1bf39fcf15e7d11eabdb85fb"
        },
        {
          "type": "icon",
          "assetId": "m976a1WZe1",
          "checksum": "4dd98369e550bd8219d61f35b3d1645a"
        },
        {
          "type": "icon",
          "assetId": "KsamTUlNre",
          "checksum": "1940ea163d4022477a2b7776fbf16c67"
        },
        {
          "type": "icon",
          "assetId": "s8etVvBGvp",
          "checksum": "f60989d1620186c2a4db92cf5add4ad1"
        },
        {
          "type": "icon",
          "assetId": "zVLtnvVHUj",
          "checksum": "0705aed58f5183584f2435747c1abafb"
        },
        {
          "type": "icon",
          "assetId": "aJPnlSJtG",
          "checksum": "eac32088e874c70ae86109e4a249afc3"
        },
        {
          "type": "icon",
          "assetId": "_twUQQ4k6I",
          "checksum": "6db417d7f9852054b4729eeea6250dc2"
        },
        {
          "type": "icon",
          "assetId": "6aG-2pzvt7A",
          "checksum": "353d8dc6e1ee55e047d2e43e2a42dee5"
        },
        {
          "type": "icon",
          "assetId": "75_RRIsw5eI",
          "checksum": "fa73210e84269e833a9336a103a84974"
        },
        {
          "type": "icon",
          "assetId": "zi9fXJ1cU0V",
          "checksum": "8eae2e703d7c5713f1cce4de26725b13"
        },
        {
          "type": "icon",
          "assetId": "NvR6eUVco8",
          "checksum": "5f1e8a0f1e01623e56c72e6e545dc3c2"
        },
        {
          "type": "icon",
          "assetId": "X-CvFO8F2r",
          "checksum": "8fbbc83d537fa8e14694db7f8077b459"
        },
        {
          "type": "icon",
          "assetId": "zXyt0yWgJu",
          "checksum": "e7fcde6d5b17432cff1a337218fba063"
        },
        {
          "type": "icon",
          "assetId": "GurOEHVTX9",
          "checksum": "f8623a356d5afd0c803f92d934b892d0"
        },
        {
          "type": "icon",
          "assetId": "9CuvWPFeIk",
          "checksum": "23b149bc2220c073871f9e5d45c85bdd"
        },
        {
          "type": "icon",
          "assetId": "R_tCb33gQ5",
          "checksum": "4fb6e0021fe4e6e3c7877115514a0abb"
        },
        {
          "type": "icon",
          "assetId": "86nn0N1sU0",
          "checksum": "6caa22698da978a88950d3e102b913bb"
        },
        {
          "type": "icon",
          "assetId": "lROrt32sRH",
          "checksum": "2991c18f05adc7179eda6839ad780355"
        },
        {
          "type": "icon",
          "assetId": "nYFEnLDxjr",
          "checksum": "9dcd72ed4e29bda9fe28367fd4e11bbe"
        },
        {
          "type": "icon",
          "assetId": "6FtF8soVSE",
          "checksum": "deb08dab9bd46094c2af49f849015705"
        },
        {
          "type": "icon",
          "assetId": "BOi5e44CqZ",
          "checksum": "d7c31e732cbc5692bae9c9ce7e765b91"
        },
        {
          "type": "icon",
          "assetId": "-_L1H0dI5J",
          "checksum": "ed9559ea2d66113c9347139bd4cf5646"
        },
        {
          "type": "icon",
          "assetId": "WYdDZfFjyc",
          "checksum": "538bbb0c4b5c96fb50957a11f5b2d5ab"
        },
        {
          "type": "image",
          "assetId": "PetoT-EZ0",
          "checksum": "dafbaff6179bd29f7edbcd2df39a615d"
        },
        {
          "type": "image",
          "assetId": "OSonkM0Jn",
          "checksum": "eae11a437ce711aaea5b0953aa26cf9a"
        },
        {
          "type": "image",
          "assetId": "0Vy_oZ3CJ",
          "checksum": "54ec3bc2d0f2a9a4d949d274287066b4"
        },
        {
          "type": "image",
          "assetId": "4uyiMWfhG",
          "checksum": "5fe8984ef19d9000efe6fb1adf450abb"
        },
        {
          "type": "icon",
          "assetId": "EPpBmOTN9X",
          "checksum": "2a835de662b5133135dbf2f14df1f5aa"
        },
        {
          "type": "icon",
          "assetId": "D6bbryU_Sd",
          "checksum": "cec60911cec0726c8ba9f9a9f5354104"
        },
        {
          "type": "image",
          "assetId": "n193QNixq",
          "checksum": "b85c14498a87625f60187cf70843ef1c"
        },
        {
          "type": "icon",
          "assetId": "cM1aNF6tRS",
          "checksum": "d28383324c29e6b780b2ba4dde82d59b"
        },
        {
          "type": "icon",
          "assetId": "aE7_AsjVv1",
          "checksum": "3c0b15a2bcc838ee9b16ee6a5198f3cb"
        },
        {
          "type": "icon",
          "assetId": "Gpt2heJ7Rp",
          "checksum": "8db35c6318500fcd95d9f9544d26a871"
        },
        {
          "type": "icon",
          "assetId": "Ric9p4bc--",
          "checksum": "9eee038db14cc80a73a703088ccfd18e"
        },
        {
          "type": "icon",
          "assetId": "pJJhaOrkA2",
          "checksum": "4f6ae3aa7784b758a153e111eeb1d095"
        },
        {
          "type": "icon",
          "assetId": "jx4uod5V0i",
          "checksum": "bdae590c2eda86c147891d300ebbf4dd"
        },
        {
          "type": "icon",
          "assetId": "plIVZoPm-D",
          "checksum": "fe2d99666ad36353d041fd8e32eb34b2"
        },
        {
          "type": "icon",
          "assetId": "sppbhFlWBH",
          "checksum": "81471f93f26e4614b506acb96738590e"
        },
        {
          "type": "icon",
          "assetId": "GRHYClSzKo",
          "checksum": "103deded68f40b9181540b36be82d0f1"
        },
        {
          "type": "icon",
          "assetId": "_HLglV03x8",
          "checksum": "9d980c1f459d7fd63c73e088fb58722b"
        },
        {
          "type": "icon",
          "assetId": "ln9DKyplRt",
          "checksum": "cb81491d2a9d90612589528416fc9154"
        },
        {
          "type": "icon",
          "assetId": "hpQ2oX6i4w",
          "checksum": "bfaaee3f4dd40d275dc03565d437a1d3"
        },
        {
          "type": "image",
          "assetId": "ZOQxGlK12",
          "checksum": "0941cbe0ac308b737ca6add5a46315ae"
        },
        {
          "type": "image",
          "assetId": "cDcUhdexG",
          "checksum": "9cbe7311eed55c88338926540bfa9b58"
        },
        {
          "type": "icon",
          "assetId": "IyOfC1LtUJ",
          "checksum": "7f7e3b8233b19cdd9433d9e86a914bf0"
        },
        {
          "type": "icon",
          "assetId": "EicT8Es0XX",
          "checksum": "00380e4dfb9553392bcef197a213b97d"
        },
        {
          "type": "icon",
          "assetId": "2Y6MRz3iqN",
          "checksum": "3c9dab44594cdb0e386bbaff736c0d0a"
        },
        {
          "type": "icon",
          "assetId": "uQste6Kn5J",
          "checksum": "edf06a06c7b6693badc8dbc6a9e39146"
        },
        {
          "type": "icon",
          "assetId": "YCDW6_AWxH",
          "checksum": "1d3fad6c17700a2d79cdd3ab8fe8c05c"
        },
        {
          "type": "icon",
          "assetId": "ZiFF4uiFmh",
          "checksum": "785b9961dce073ab05539d25561b1fc3"
        },
        {
          "type": "image",
          "assetId": "6FXpBYJzy",
          "checksum": "cd5a8546a1c8b97dfc83f6d2910c1df4"
        },
        {
          "assetId": "7jQgmBmKYyCbHXSekk2FRy",
          "type": "projectCss",
          "checksum": "d5de8c241c1aed6e31333d4dd6dc75ea"
        }
      ],
      "codegenVersion": "0.0.1"
    },
    {
      "projectId": "28Ba3BDvRe7EiWdfFNnLB6",
      "version": "2.3.0",
      "dependencies": {},
      "lang": "ts",
      "fileLocks": [
        {
          "assetId": "28Ba3BDvRe7EiWdfFNnLB6",
          "type": "projectCss",
          "checksum": "afb87f03e25d1c04c54780213015f602"
        }
      ],
      "codegenVersion": "0.0.1"
    },
    {
      "projectId": "84wxoth5npGrp6RRXPL88z",
      "version": "4.0.2",
      "dependencies": {},
      "lang": "ts",
      "fileLocks": [
        {
          "assetId": "84wxoth5npGrp6RRXPL88z",
          "type": "projectCss",
          "checksum": "f64d76ff14052e72c6e821e8703dc7db"
        },
        {
          "assetId": "84wxoth5npGrp6RRXPL88z",
          "checksum": "b2ce5fdf753761f5713b1026b9e65539",
          "type": "globalContexts"
        }
      ],
      "codegenVersion": "0.0.1"
    },
    {
      "projectId": "7nJ7UcFmq9UzB6eXfC5z4a",
      "version": "0.0.3",
      "dependencies": {},
      "lang": "ts",
      "fileLocks": [
        {
          "assetId": "7nJ7UcFmq9UzB6eXfC5z4a",
          "type": "projectCss",
          "checksum": "64c620350c9cd9f72dd5f82b2936978e"
        }
      ],
      "codegenVersion": "0.0.1"
    }
  ],
  "cliVersion": "0.1.184"
}
